
Microsoft Visual Studio Solution File, Format Version 12.00
# Visual Studio Version 16
VisualStudioVersion = 16.0.30804.86
MinimumVisualStudioVersion = 10.0.40219.1
Project("{9A19103F-16F7-4668-BE54-9A1E7A4F7556}") = "API", "API\API.csproj", "{E2E5EEED-FC75-45E0-8394-F2EA03A56185}"
EndProject
Project("{FAE04EC0-301F-11D3-BF4B-00C04F79EFBC}") = "UI", "UI\UI.csproj", "{11F6B940-20EB-4B65-A02F-9E3080FB3FBD}"
EndProject
Global
	GlobalSection(SolutionConfigurationPlatforms) = preSolution
		Debug|Any CPU = Debug|Any CPU
		Release|Any CPU = Release|Any CPU
	EndGlobalSection
	GlobalSection(ProjectConfigurationPlatforms) = postSolution
		{E2E5EEED-FC75-45E0-8394-F2EA03A56185}.Debug|Any CPU.ActiveCfg = Debug|Any CPU
		{E2E5EEED-FC75-45E0-8394-F2EA03A56185}.Debug|Any CPU.Build.0 = Debug|Any CPU
		{E2E5EEED-FC75-45E0-8394-F2EA03A56185}.Release|Any CPU.ActiveCfg = Release|Any CPU
		{E2E5EEED-FC75-45E0-8394-F2EA03A56185}.Release|Any CPU.Build.0 = Release|Any CPU
		{11F6B940-20EB-4B65-A02F-9E3080FB3FBD}.Debug|Any CPU.ActiveCfg = Debug|Any CPU
		{11F6B940-20EB-4B65-A02F-9E3080FB3FBD}.Debug|Any CPU.Build.0 = Debug|Any CPU
		{11F6B940-20EB-4B65-A02F-9E3080FB3FBD}.Release|Any CPU.ActiveCfg = Release|Any CPU
		{11F6B940-20EB-4B65-A02F-9E3080FB3FBD}.Release|Any CPU.Build.0 = Release|Any CPU
	EndGlobalSection
	GlobalSection(SolutionProperties) = preSolution
		HideSolutionNode = FALSE
	EndGlobalSection
	GlobalSection(ExtensibilityGlobals) = postSolution
		SolutionGuid = {66CF2764-3DF3-4C95-B6B2-6DF8844E892D}
	EndGlobalSection
EndGlobal
